
Microsoft Visual Studio Solution File, Format Version 12.00
Project("{FAE04EC0-301F-11D3-BF4B-00C04F79EFBC}") = "soft-arch-boardgame", "soft-arch-boardgame\soft-arch-boardgame.csproj", "{0CFFF4A8-98F7-442C-B29A-BFBC31705722}"
EndProject
Global
	GlobalSection(SolutionConfigurationPlatforms) = preSolution
		Debug|Any CPU = Debug|Any CPU
		Release|Any CPU = Release|Any CPU
	EndGlobalSection
	GlobalSection(ProjectConfigurationPlatforms) = postSolution
		{0CFFF4A8-98F7-442C-B29A-BFBC31705722}.Debug|Any CPU.ActiveCfg = Debug|Any CPU
		{0CFFF4A8-98F7-442C-B29A-BFBC31705722}.Debug|Any CPU.Build.0 = Debug|Any CPU
		{0CFFF4A8-98F7-442C-B29A-BFBC31705722}.Release|Any CPU.ActiveCfg = Release|Any CPU
		{0CFFF4A8-98F7-442C-B29A-BFBC31705722}.Release|Any CPU.Build.0 = Release|Any CPU
	EndGlobalSection
EndGlobal
